// !$*UTF8*$!
{
	archiveVersion = 1;
	classes = {
	};
	objectVersion = 46;
	objects = {

/* Begin PBXBuildFile section */
		CFF7D6CD1DB5DDB700EB74BB /* AppDelegate.swift in Sources */ = {isa = PBXBuildFile; fileRef = CFF7D6CC1DB5DDB700EB74BB /* AppDelegate.swift */; };
		CFF7D6CF1DB5DDB700EB74BB /* ViewController.swift in Sources */ = {isa = PBXBuildFile; fileRef = CFF7D6CE1DB5DDB700EB74BB /* ViewController.swift */; };
		CFF7D6D21DB5DDB700EB74BB /* Main.storyboard in Resources */ = {isa = PBXBuildFile; fileRef = CFF7D6D01DB5DDB700EB74BB /* Main.storyboard */; };
		CFF7D6D41DB5DDB700EB74BB /* Assets.xcassets in Resources */ = {isa = PBXBuildFile; fileRef = CFF7D6D31DB5DDB700EB74BB /* Assets.xcassets */; };
		CFF7D6D71DB5DDB700EB74BB /* LaunchScreen.storyboard in Resources */ = {isa = PBXBuildFile; fileRef = CFF7D6D51DB5DDB700EB74BB /* LaunchScreen.storyboard */; };
/* End PBXBuildFile section */

/* Begin PBXFileReference section */
		CFF7D6C91DB5DDB700EB74BB /* Calculator.app */ = {isa = PBXFileReference; explicitFileType = wrapper.application; includeInIndex = 0; path = Calculator.app; sourceTree = BUILT_PRODUCTS_DIR; };
		CFF7D6CC1DB5DDB700EB74BB /* AppDelegate.swift */ = {isa = PBXFileReference; lastKnownFileType = sourcecode.swift; path = AppDelegate.swift; sourceTree = "<group>"; };
		CFF7D6CE1DB5DDB700EB74BB /* ViewController.swift */ = {isa = PBXFileReference; lastKnownFileType = sourcecode.swift; path = ViewController.swift; sourceTree = "<group>"; };
		CFF7D6D11DB5DDB700EB74BB /* Base */ = {isa = PBXFileReference; lastKnownFileType = file.storyboard; name = Base; path = Base.lproj/Main.storyboard; sourceTree = "<group>"; };
		CFF7D6D31DB5DDB700EB74BB /* Assets.xcassets */ = {isa = PBXFileReference; lastKnownFileType = folder.assetcatalog; path = Assets.xcassets; sourceTree = "<group>"; };
		CFF7D6D61DB5DDB700EB74BB /* Base */ = {isa = PBXFileReference; lastKnownFileType = file.storyboard; name = Base; path = Base.lproj/LaunchScreen.storyboard; sourceTree = "<group>"; };
		CFF7D6D81DB5DDB700EB74BB /* Info.plist */ = {isa = PBXFileReference; lastKnownFileType = text.plist.xml; path = Info.plist; sourceTree = "<group>"; };
/* End PBXFileReference section */

/* Begin PBXFrameworksBuildPhase section */
		CFF7D6C61DB5DDB700EB74BB /* Frameworks */ = {
			isa = PBXFrameworksBuildPhase;
			buildActionMask = 2147483647;
			files = (
			);
			runOnlyForDeploymentPostprocessing = 0;
		};
/* End PBXFrameworksBuildPhase section */

/* Begin PBXGroup section */
		CFF7D6C01DB5DDB700EB74BB = {
			isa = PBXGroup;
			children = (
				CFF7D6CB1DB5DDB700EB74BB /* Calculator */,
				CFF7D6CA1DB5DDB700EB74BB /* Products */,
			);
			sourceTree = "<group>";
		};
		CFF7D6CA1DB5DDB700EB74BB /* Products */ = {
			isa = PBXGroup;
			children = (
				CFF7D6C91DB5DDB700EB74BB /* Calculator.app */,
			);
			name = Products;
			sourceTree = "<group>";
		};
		CFF7D6CB1DB5DDB700EB74BB /* Calculator */ = {
			isa = PBXGroup;
			children = (
				CFF7D6CC1DB5DDB700EB74BB /* AppDelegate.swift */,
				CFF7D6CE1DB5DDB700EB74BB /* ViewController.swift */,
				CFF7D6D01DB5DDB700EB74BB /* Main.storyboard */,
				CFF7D6D31DB5DDB700EB74BB /* Assets.xcassets */,
				CFF7D6D51DB5DDB700EB74BB /* LaunchScreen.storyboard */,
				CFF7D6D81DB5DDB700EB74BB /* Info.plist */,
			);
			path = Calculator;
			sourceTree = "<group>";
		};
/* End PBXGroup section */

/* Begin PBXNativeTarget section */
		CFF7D6C81DB5DDB700EB74BB /* Calculator */ = {
			isa = PBXNativeTarget;
			buildConfigurationList = CFF7D6DB1DB5DDB700EB74BB /* Build configuration list for PBXNativeTarget "Calculator" */;
			buildPhases = (
				CFF7D6C51DB5DDB700EB74BB /* Sources */,
				CFF7D6C61DB5DDB700EB74BB /* Frameworks */,
				CFF7D6C71DB5DDB700EB74BB /* Resources */,
			);
			buildRules = (
			);
			dependencies = (
			);
			name = Calculator;
			productName = Calculator;
			productReference = CFF7D6C91DB5DDB700EB74BB /* Calculator.app */;
			productType = "com.apple.product-type.application";
		};
/* End PBXNativeTarget section */

/* Begin PBXProject section */
		CFF7D6C11DB5DDB700EB74BB /* Project object */ = {
			isa = PBXProject;
			attributes = {
				LastSwiftUpdateCheck = 0800;
				LastUpgradeCheck = 0800;
				ORGANIZATIONNAME = "Joao Medrado";
				TargetAttributes = {
					CFF7D6C81DB5DDB700EB74BB = {
						CreatedOnToolsVersion = 8.0;
						DevelopmentTeam = SC5AWG42PG;
						ProvisioningStyle = Automatic;
					};
				};
			};
			buildConfigurationList = CFF7D6C41DB5DDB700EB74BB /* Build configuration list for PBXProject "Calculator" */;
			compatibilityVersion = "Xcode 3.2";
			developmentRegion = English;
			hasScannedForEncodings = 0;
			knownRegions = (
				en,
				Base,
			);
			mainGroup = CFF7D6C01DB5DDB700EB74BB;
			productRefGroup = CFF7D6CA1DB5DDB700EB74BB /* Products */;
			projectDirPath = "";
			projectRoot = "";
			targets = (
				CFF7D6C81DB5DDB700EB74BB /* Calculator */,
			);
		};
/* End PBXProject section */

/* Begin PBXResourcesBuildPhase section */
		CFF7D6C71DB5DDB700EB74BB /* Resources */ = {
			isa = PBXResourcesBuildPhase;
			buildActionMask = 2147483647;
			files = (
				CFF7D6D71DB5DDB700EB74BB /* LaunchScreen.storyboard in Resources */,
				CFF7D6D41DB5DDB700EB74BB /* Assets.xcassets in Resources */,
				CFF7D6D21DB5DDB700EB74BB /* Main.storyboard in Resources */,
			);
			runOnlyForDeploymentPostprocessing = 0;
		};
/* End PBXResourcesBuildPhase section */

/* Begin PBXSourcesBuildPhase section */
		CFF7D6C51DB5DDB700EB74BB /* Sources */ = {
			isa = PBXSourcesBuildPhase;
			buildActionMask = 2147483647;
			files = (
				CFF7D6CF1DB5DDB700EB74BB /* ViewController.swift in Sources */,
				CFF7D6CD1DB5DDB700EB74BB /* AppDelegate.swift in Sources */,
			);
			runOnlyForDeploymentPostprocessing = 0;
		};
/* End PBXSourcesBuildPhase section */

/* Begin PBXVariantGroup section */
		CFF7D6D01DB5DDB700EB74BB /* Main.storyboard */ = {
			isa = PBXVariantGroup;
			children = (
				CFF7D6D11DB5DDB700EB74BB /* Base */,
			);
			name = Main.storyboard;
			sourceTree = "<group>";
		};
		CFF7D6D51DB5DDB700EB74BB /* LaunchScreen.storyboard */ = {
			isa = PBXVariantGroup;
			children = (
				CFF7D6D61DB5DDB700EB74BB /* Base */,
			);
			name = LaunchScreen.storyboard;
			sourceTree = "<group>";
		};
/* End PBXVariantGroup section */

/* Begin XCBuildConfiguration section */
		CFF7D6D91DB5DDB700EB74BB /* Debug */ = {
			isa = XCBuildConfiguration;
			buildSettings = {
				ALWAYS_SEARCH_USER_PATHS = NO;
				CLANG_ANALYZER_NONNULL = YES;
				CLANG_CXX_LANGUAGE_STANDARD = "gnu++0x";
				CLANG_CXX_LIBRARY = "libc++";
				CLANG_ENABLE_MODULES = YES;
				CLANG_ENABLE_OBJC_ARC = YES;
				CLANG_WARN_BOOL_CONVERSION = YES;
				CLANG_WARN_CONSTANT_CONVERSION = YES;
				CLANG_WARN_DIRECT_OBJC_ISA_USAGE = YES_ERROR;
				CLANG_WARN_DOCUMENTATION_COMMENTS = YES;
				CLANG_WARN_EMPTY_BODY = YES;
				CLANG_WARN_ENUM_CONVERSION = YES;
				CLANG_WARN_INFINITE_RECURSION = YES;
				CLANG_WARN_INT_CONVERSION = YES;
				CLANG_WARN_OBJC_ROOT_CLASS = YES_ERROR;
				CLANG_WARN_SUSPICIOUS_MOVES = YES;
				CLANG_WARN_UNREACHABLE_CODE = YES;
				CLANG_WARN__DUPLICATE_METHOD_MATCH = YES;
				"CODE_SIGN_IDENTITY[sdk=iphoneos*]" = "iPhone Developer";
				COPY_PHASE_STRIP = NO;
				DEBUG_INFORMATION_FORMAT = dwarf;
				ENABLE_STRICT_OBJC_MSGSEND = YES;
				ENABLE_TESTABILITY = YES;
				GCC_C_LANGUAGE_STANDARD = gnu99;
				GCC_DYNAMIC_NO_PIC = NO;
				GCC_NO_COMMON_BLOCKS = YES;
				GCC_OPTIMIZATION_LEVEL = 0;
				GCC_PREPROCESSOR_DEFINITIONS = (
					"DEBUG=1",
					"$(inherited)",
				);
				GCC_WARN_64_TO_32_BIT_CONVERSION = YES;
				GCC_WARN_ABOUT_RETURN_TYPE = YES_ERROR;
				GCC_WARN_UNDECLARED_SELECTOR = YES;
				GCC_WARN_UNINITIALIZED_AUTOS = YES_AGGRESSIVE;
				GCC_WARN_UNUSED_FUNCTION = YES;
				GCC_WARN_UNUSED_VARIABLE = YES;
				IPHONEOS_DEPLOYMENT_TARGET = 10.0;
				MTL_ENABLE_DEBUG_INFO = YES;
				ONLY_ACTIVE_ARCH = YES;
				SDKROOT = iphoneos;
				SWIFT_ACTIVE_COMPILATION_CONDITIONS = DEBUG;
				SWIFT_OPTIMIZATION_LEVEL = "-Onone";
				TARGETED_DEVICE_FAMILY = "1,2";
			};
			name = Debug;
		};
		CFF7D6DA1DB5DDB700EB74BB /* Release */ = {
			isa = XCBuildConfiguration;
			buildSettings = {
				ALWAYS_SEARCH_USER_PATHS = NO;
				CLANG_ANALYZER_NONNULL = YES;
				CLANG_CXX_LANGUAGE_STANDARD = "gnu++0x";
				CLANG_CXX_LIBRARY = "libc++";
				CLANG_ENABLE_MODULES = YES;
				CLANG_ENABLE_OBJC_ARC = YES;
				CLANG_WARN_BOOL_CONVERSION = YES;
				CLANG_WARN_CONSTANT_CONVERSION = YES;
				CLANG_WARN_DIRECT_OBJC_ISA_USAGE = YES_ERROR;
				CLANG_WARN_DOCUMENTATION_COMMENTS = YES;
				CLANG_WARN_EMPTY_BODY = YES;
				CLANG_WARN_ENUM_CONVERSION = YES;
				CLANG_WARN_INFINITE_RECURSION = YES;
				CLANG_WARN_INT_CONVERSION = YES;
				CLANG_WARN_OBJC_ROOT_CLASS = YES_ERROR;
				CLANG_WARN_SUSPICIOUS_MOVES = YES;
				CLANG_WARN_UNREACHABLE_CODE = YES;
				CLANG_WARN__DUPLICATE_METHOD_MATCH = YES;
				"CODE_SIGN_IDENTITY[sdk=iphoneos*]" = "iPhone Developer";
				COPY_PHASE_STRIP = NO;
				DEBUG_INFORMATION_FORMAT = "dwarf-with-dsym";
				ENABLE_NS_ASSERTIONS = NO;
				ENABLE_STRICT_OBJC_MSGSEND = YES;
				GCC_C_LANGUAGE_STANDARD = gnu99;
				GCC_NO_COMMON_BLOCKS = YES;
				GCC_WARN_64_TO_32_BIT_CONVERSION = YES;
				GCC_WARN_ABOUT_RETURN_TYPE = YES_ERROR;
				GCC_WARN_UNDECLARED_SELECTOR = YES;
				GCC_WARN_UNINITIALIZED_AUTOS = YES_AGGRESSIVE;
				GCC_WARN_UNUSED_FUNCTION = YES;
				GCC_WARN_UNUSED_VARIABLE = YES;
				IPHONEOS_DEPLOYMENT_TARGET = 10.0;
				MTL_ENABLE_DEBUG_INFO = NO;
				SDKROOT = iphoneos;
				SWIFT_OPTIMIZATION_LEVEL = "-Owholemodule";
				TARGETED_DEVICE_FAMILY = "1,2";
				VALIDATE_PRODUCT = YES;
			};
			name = Release;
		};
		CFF7D6DC1DB5DDB700EB74BB /* Debug */ = {
			isa = XCBuildConfiguration;
			buildSettings = {
				ASSETCATALOG_COMPILER_APPICON_NAME = AppIcon;
				DEVELOPMENT_TEAM = SC5AWG42PG;
				INFOPLIST_FILE = Calculator/Info.plist;
				IPHONEOS_DEPLOYMENT_TARGET = 10.0;
				LD_RUNPATH_SEARCH_PATHS = "$(inherited) @executable_path/Frameworks";
				PRODUCT_BUNDLE_IDENTIFIER = com.joaomedrado.Calculator;
				PRODUCT_NAME = "$(TARGET_NAME)";
				SWIFT_VERSION = 3.0;
			};
			name = Debug;
		};
		CFF7D6DD1DB5DDB700EB74BB /* Release */ = {
			isa = XCBuildConfiguration;
			buildSettings = {
				ASSETCATALOG_COMPILER_APPICON_NAME = AppIcon;
				DEVELOPMENT_TEAM = SC5AWG42PG;
				INFOPLIST_FILE = Calculator/Info.plist;
				IPHONEOS_DEPLOYMENT_TARGET = 10.0;
				LD_RUNPATH_SEARCH_PATHS = "$(inherited) @executable_path/Frameworks";
				PRODUCT_BUNDLE_IDENTIFIER = com.joaomedrado.Calculator;
				PRODUCT_NAME = "$(TARGET_NAME)";
				SWIFT_VERSION = 3.0;
			};
			name = Release;
		};
/* End XCBuildConfiguration section */

/* Begin XCConfigurationList section */
		CFF7D6C41DB5DDB700EB74BB /* Build configuration list for PBXProject "Calculator" */ = {
			isa = XCConfigurationList;
			buildConfigurations = (
				CFF7D6D91DB5DDB700EB74BB /* Debug */,
				CFF7D6DA1DB5DDB700EB74BB /* Release */,
			);
			defaultConfigurationIsVisible = 0;
			defaultConfigurationName = Release;
		};
		CFF7D6DB1DB5DDB700EB74BB /* Build configuration list for PBXNativeTarget "Calculator" */ = {
			isa = XCConfigurationList;
			buildConfigurations = (
				CFF7D6DC1DB5DDB700EB74BB /* Debug */,
				CFF7D6DD1DB5DDB700EB74BB /* Release */,
			);
			defaultConfigurationIsVisible = 0;
		};
/* End XCConfigurationList section */
	};
	rootObject = CFF7D6C11DB5DDB700EB74BB /* Project object */;
}
